
Microsoft Visual Studio Solution File, Format Version 12.00
# Visual Studio 2013
VisualStudioVersion = 12.0.21005.1
MinimumVisualStudioVersion = 10.0.40219.1
Project("{FAE04EC0-301F-11D3-BF4B-00C04F79EFBC}") = "MobDevDay.Core", "MobDevDay\MobDevDay.Core.csproj", "{9400B6AD-91EE-4E1D-8D1C-A5331D9589A6}"
EndProject
Project("{FAE04EC0-301F-11D3-BF4B-00C04F79EFBC}") = "MobDevDay.Cli", "MobDevDay.Cli\MobDevDay.Cli.csproj", "{0A71E0D7-0E13-4E5D-95A0-017591D25EFE}"
EndProject
Project("{FAE04EC0-301F-11D3-BF4B-00C04F79EFBC}") = "MobileDevDay.iOS", "MobileDevDay.iOS\MobileDevDay.iOS.csproj", "{9FD8BE85-EFD0-4065-B289-631987A4AA23}"
EndProject
Project("{FAE04EC0-301F-11D3-BF4B-00C04F79EFBC}") = "MobDevDay.WPhone", "MobDevDay.WPhone\MobDevDay.WPhone.csproj", "{28DB3150-E177-4BD0-ACF1-E8098A52DCB6}"
EndProject
Global
	GlobalSection(SolutionConfigurationPlatforms) = preSolution
		Ad-Hoc|Any CPU = Ad-Hoc|Any CPU
		Ad-Hoc|ARM = Ad-Hoc|ARM
		Ad-Hoc|iPhone = Ad-Hoc|iPhone
		Ad-Hoc|iPhoneSimulator = Ad-Hoc|iPhoneSimulator
		Ad-Hoc|Mixed Platforms = Ad-Hoc|Mixed Platforms
		Ad-Hoc|x86 = Ad-Hoc|x86
		AppStore|Any CPU = AppStore|Any CPU
		AppStore|ARM = AppStore|ARM
		AppStore|iPhone = AppStore|iPhone
		AppStore|iPhoneSimulator = AppStore|iPhoneSimulator
		AppStore|Mixed Platforms = AppStore|Mixed Platforms
		AppStore|x86 = AppStore|x86
		Debug|Any CPU = Debug|Any CPU
		Debug|ARM = Debug|ARM
		Debug|iPhone = Debug|iPhone
		Debug|iPhoneSimulator = Debug|iPhoneSimulator
		Debug|Mixed Platforms = Debug|Mixed Platforms
		Debug|x86 = Debug|x86
		Release|Any CPU = Release|Any CPU
		Release|ARM = Release|ARM
		Release|iPhone = Release|iPhone
		Release|iPhoneSimulator = Release|iPhoneSimulator
		Release|Mixed Platforms = Release|Mixed Platforms
		Release|x86 = Release|x86
	EndGlobalSection
	GlobalSection(ProjectConfigurationPlatforms) = postSolution
		{9400B6AD-91EE-4E1D-8D1C-A5331D9589A6}.Ad-Hoc|Any CPU.ActiveCfg = Release|Any CPU
		{9400B6AD-91EE-4E1D-8D1C-A5331D9589A6}.Ad-Hoc|Any CPU.Build.0 = Release|Any CPU
		{9400B6AD-91EE-4E1D-8D1C-A5331D9589A6}.Ad-Hoc|ARM.ActiveCfg = Debug|Any CPU
		{9400B6AD-91EE-4E1D-8D1C-A5331D9589A6}.Ad-Hoc|iPhone.ActiveCfg = Debug|Any CPU
		{9400B6AD-91EE-4E1D-8D1C-A5331D9589A6}.Ad-Hoc|iPhone.Build.0 = Debug|Any CPU
		{9400B6AD-91EE-4E1D-8D1C-A5331D9589A6}.Ad-Hoc|iPhoneSimulator.ActiveCfg = Release|Any CPU
		{9400B6AD-91EE-4E1D-8D1C-A5331D9589A6}.Ad-Hoc|Mixed Platforms.ActiveCfg = Debug|Any CPU
		{9400B6AD-91EE-4E1D-8D1C-A5331D9589A6}.Ad-Hoc|Mixed Platforms.Build.0 = Debug|Any CPU
		{9400B6AD-91EE-4E1D-8D1C-A5331D9589A6}.Ad-Hoc|x86.ActiveCfg = Debug|Any CPU
		{9400B6AD-91EE-4E1D-8D1C-A5331D9589A6}.AppStore|Any CPU.ActiveCfg = Release|Any CPU
		{9400B6AD-91EE-4E1D-8D1C-A5331D9589A6}.AppStore|Any CPU.Build.0 = Release|Any CPU
		{9400B6AD-91EE-4E1D-8D1C-A5331D9589A6}.AppStore|ARM.ActiveCfg = Debug|Any CPU
		{9400B6AD-91EE-4E1D-8D1C-A5331D9589A6}.AppStore|iPhone.ActiveCfg = Debug|Any CPU
		{9400B6AD-91EE-4E1D-8D1C-A5331D9589A6}.AppStore|iPhone.Build.0 = Debug|Any CPU
		{9400B6AD-91EE-4E1D-8D1C-A5331D9589A6}.AppStore|iPhoneSimulator.ActiveCfg = Release|Any CPU
		{9400B6AD-91EE-4E1D-8D1C-A5331D9589A6}.AppStore|Mixed Platforms.ActiveCfg = Debug|Any CPU
		{9400B6AD-91EE-4E1D-8D1C-A5331D9589A6}.AppStore|Mixed Platforms.Build.0 = Debug|Any CPU
		{9400B6AD-91EE-4E1D-8D1C-A5331D9589A6}.AppStore|x86.ActiveCfg = Debug|Any CPU
		{9400B6AD-91EE-4E1D-8D1C-A5331D9589A6}.Debug|Any CPU.ActiveCfg = Debug|Any CPU
		{9400B6AD-91EE-4E1D-8D1C-A5331D9589A6}.Debug|Any CPU.Build.0 = Debug|Any CPU
		{9400B6AD-91EE-4E1D-8D1C-A5331D9589A6}.Debug|ARM.ActiveCfg = Debug|Any CPU
		{9400B6AD-91EE-4E1D-8D1C-A5331D9589A6}.Debug|iPhone.ActiveCfg = Debug|Any CPU
		{9400B6AD-91EE-4E1D-8D1C-A5331D9589A6}.Debug|iPhone.Build.0 = Debug|Any CPU
		{9400B6AD-91EE-4E1D-8D1C-A5331D9589A6}.Debug|iPhoneSimulator.ActiveCfg = Debug|Any CPU
		{9400B6AD-91EE-4E1D-8D1C-A5331D9589A6}.Debug|iPhoneSimulator.Build.0 = Debug|Any CPU
		{9400B6AD-91EE-4E1D-8D1C-A5331D9589A6}.Debug|Mixed Platforms.ActiveCfg = Debug|Any CPU
		{9400B6AD-91EE-4E1D-8D1C-A5331D9589A6}.Debug|Mixed Platforms.Build.0 = Debug|Any CPU
		{9400B6AD-91EE-4E1D-8D1C-A5331D9589A6}.Debug|x86.ActiveCfg = Debug|Any CPU
		{9400B6AD-91EE-4E1D-8D1C-A5331D9589A6}.Release|Any CPU.ActiveCfg = Release|Any CPU
		{9400B6AD-91EE-4E1D-8D1C-A5331D9589A6}.Release|Any CPU.Build.0 = Release|Any CPU
		{9400B6AD-91EE-4E1D-8D1C-A5331D9589A6}.Release|ARM.ActiveCfg = Release|Any CPU
		{9400B6AD-91EE-4E1D-8D1C-A5331D9589A6}.Release|iPhone.ActiveCfg = Release|Any CPU
		{9400B6AD-91EE-4E1D-8D1C-A5331D9589A6}.Release|iPhone.Build.0 = Release|Any CPU
		{9400B6AD-91EE-4E1D-8D1C-A5331D9589A6}.Release|iPhoneSimulator.ActiveCfg = Release|Any CPU
		{9400B6AD-91EE-4E1D-8D1C-A5331D9589A6}.Release|iPhoneSimulator.Build.0 = Release|Any CPU
		{9400B6AD-91EE-4E1D-8D1C-A5331D9589A6}.Release|Mixed Platforms.ActiveCfg = Release|Any CPU
		{9400B6AD-91EE-4E1D-8D1C-A5331D9589A6}.Release|Mixed Platforms.Build.0 = Release|Any CPU
		{9400B6AD-91EE-4E1D-8D1C-A5331D9589A6}.Release|x86.ActiveCfg = Release|Any CPU
		{0A71E0D7-0E13-4E5D-95A0-017591D25EFE}.Ad-Hoc|Any CPU.ActiveCfg = Release|Any CPU
		{0A71E0D7-0E13-4E5D-95A0-017591D25EFE}.Ad-Hoc|Any CPU.Build.0 = Release|Any CPU
		{0A71E0D7-0E13-4E5D-95A0-017591D25EFE}.Ad-Hoc|ARM.ActiveCfg = Debug|Any CPU
		{0A71E0D7-0E13-4E5D-95A0-017591D25EFE}.Ad-Hoc|iPhone.ActiveCfg = Debug|Any CPU
		{0A71E0D7-0E13-4E5D-95A0-017591D25EFE}.Ad-Hoc|iPhone.Build.0 = Debug|Any CPU
		{0A71E0D7-0E13-4E5D-95A0-017591D25EFE}.Ad-Hoc|iPhoneSimulator.ActiveCfg = Release|Any CPU
		{0A71E0D7-0E13-4E5D-95A0-017591D25EFE}.Ad-Hoc|Mixed Platforms.ActiveCfg = Debug|Any CPU
		{0A71E0D7-0E13-4E5D-95A0-017591D25EFE}.Ad-Hoc|Mixed Platforms.Build.0 = Debug|Any CPU
		{0A71E0D7-0E13-4E5D-95A0-017591D25EFE}.Ad-Hoc|x86.ActiveCfg = Debug|Any CPU
		{0A71E0D7-0E13-4E5D-95A0-017591D25EFE}.AppStore|Any CPU.ActiveCfg = Release|Any CPU
		{0A71E0D7-0E13-4E5D-95A0-017591D25EFE}.AppStore|Any CPU.Build.0 = Release|Any CPU
		{0A71E0D7-0E13-4E5D-95A0-017591D25EFE}.AppStore|ARM.ActiveCfg = Debug|Any CPU
		{0A71E0D7-0E13-4E5D-95A0-017591D25EFE}.AppStore|iPhone.ActiveCfg = Debug|Any CPU
		{0A71E0D7-0E13-4E5D-95A0-017591D25EFE}.AppStore|iPhone.Build.0 = Debug|Any CPU
		{0A71E0D7-0E13-4E5D-95A0-017591D25EFE}.AppStore|iPhoneSimulator.ActiveCfg = Release|Any CPU
		{0A71E0D7-0E13-4E5D-95A0-017591D25EFE}.AppStore|Mixed Platforms.ActiveCfg = Debug|Any CPU
		{0A71E0D7-0E13-4E5D-95A0-017591D25EFE}.AppStore|Mixed Platforms.Build.0 = Debug|Any CPU
		{0A71E0D7-0E13-4E5D-95A0-017591D25EFE}.AppStore|x86.ActiveCfg = Debug|Any CPU
		{0A71E0D7-0E13-4E5D-95A0-017591D25EFE}.Debug|Any CPU.ActiveCfg = Debug|Any CPU
		{0A71E0D7-0E13-4E5D-95A0-017591D25EFE}.Debug|Any CPU.Build.0 = Debug|Any CPU
		{0A71E0D7-0E13-4E5D-95A0-017591D25EFE}.Debug|ARM.ActiveCfg = Debug|Any CPU
		{0A71E0D7-0E13-4E5D-95A0-017591D25EFE}.Debug|iPhone.ActiveCfg = Debug|Any CPU
		{0A71E0D7-0E13-4E5D-95A0-017591D25EFE}.Debug|iPhone.Build.0 = Debug|Any CPU
		{0A71E0D7-0E13-4E5D-95A0-017591D25EFE}.Debug|iPhoneSimulator.ActiveCfg = Debug|Any CPU
		{0A71E0D7-0E13-4E5D-95A0-017591D25EFE}.Debug|iPhoneSimulator.Build.0 = Debug|Any CPU
		{0A71E0D7-0E13-4E5D-95A0-017591D25EFE}.Debug|Mixed Platforms.ActiveCfg = Debug|Any CPU
		{0A71E0D7-0E13-4E5D-95A0-017591D25EFE}.Debug|Mixed Platforms.Build.0 = Debug|Any CPU
		{0A71E0D7-0E13-4E5D-95A0-017591D25EFE}.Debug|x86.ActiveCfg = Debug|Any CPU
		{0A71E0D7-0E13-4E5D-95A0-017591D25EFE}.Release|Any CPU.ActiveCfg = Release|Any CPU
		{0A71E0D7-0E13-4E5D-95A0-017591D25EFE}.Release|Any CPU.Build.0 = Release|Any CPU
		{0A71E0D7-0E13-4E5D-95A0-017591D25EFE}.Release|ARM.ActiveCfg = Release|Any CPU
		{0A71E0D7-0E13-4E5D-95A0-017591D25EFE}.Release|iPhone.ActiveCfg = Release|Any CPU
		{0A71E0D7-0E13-4E5D-95A0-017591D25EFE}.Release|iPhone.Build.0 = Release|Any CPU
		{0A71E0D7-0E13-4E5D-95A0-017591D25EFE}.Release|iPhoneSimulator.ActiveCfg = Release|Any CPU
		{0A71E0D7-0E13-4E5D-95A0-017591D25EFE}.Release|iPhoneSimulator.Build.0 = Release|Any CPU
		{0A71E0D7-0E13-4E5D-95A0-017591D25EFE}.Release|Mixed Platforms.ActiveCfg = Release|Any CPU
		{0A71E0D7-0E13-4E5D-95A0-017591D25EFE}.Release|Mixed Platforms.Build.0 = Release|Any CPU
		{0A71E0D7-0E13-4E5D-95A0-017591D25EFE}.Release|x86.ActiveCfg = Release|Any CPU
		{9FD8BE85-EFD0-4065-B289-631987A4AA23}.Ad-Hoc|Any CPU.ActiveCfg = Ad-Hoc|iPhoneSimulator
		{9FD8BE85-EFD0-4065-B289-631987A4AA23}.Ad-Hoc|ARM.ActiveCfg = Ad-Hoc|iPhone
		{9FD8BE85-EFD0-4065-B289-631987A4AA23}.Ad-Hoc|iPhone.ActiveCfg = Ad-Hoc|iPhone
		{9FD8BE85-EFD0-4065-B289-631987A4AA23}.Ad-Hoc|iPhone.Build.0 = Ad-Hoc|iPhone
		{9FD8BE85-EFD0-4065-B289-631987A4AA23}.Ad-Hoc|iPhoneSimulator.ActiveCfg = Ad-Hoc|iPhoneSimulator
		{9FD8BE85-EFD0-4065-B289-631987A4AA23}.Ad-Hoc|iPhoneSimulator.Build.0 = Ad-Hoc|iPhoneSimulator
		{9FD8BE85-EFD0-4065-B289-631987A4AA23}.Ad-Hoc|Mixed Platforms.ActiveCfg = Ad-Hoc|iPhone
		{9FD8BE85-EFD0-4065-B289-631987A4AA23}.Ad-Hoc|Mixed Platforms.Build.0 = Ad-Hoc|iPhone
		{9FD8BE85-EFD0-4065-B289-631987A4AA23}.Ad-Hoc|Mixed Platforms.Deploy.0 = Ad-Hoc|iPhone
		{9FD8BE85-EFD0-4065-B289-631987A4AA23}.Ad-Hoc|x86.ActiveCfg = Ad-Hoc|iPhone
		{9FD8BE85-EFD0-4065-B289-631987A4AA23}.AppStore|Any CPU.ActiveCfg = AppStore|iPhoneSimulator
		{9FD8BE85-EFD0-4065-B289-631987A4AA23}.AppStore|ARM.ActiveCfg = AppStore|iPhone
		{9FD8BE85-EFD0-4065-B289-631987A4AA23}.AppStore|iPhone.ActiveCfg = AppStore|iPhone
		{9FD8BE85-EFD0-4065-B289-631987A4AA23}.AppStore|iPhone.Build.0 = AppStore|iPhone
		{9FD8BE85-EFD0-4065-B289-631987A4AA23}.AppStore|iPhoneSimulator.ActiveCfg = AppStore|iPhoneSimulator
		{9FD8BE85-EFD0-4065-B289-631987A4AA23}.AppStore|iPhoneSimulator.Build.0 = AppStore|iPhoneSimulator
		{9FD8BE85-EFD0-4065-B289-631987A4AA23}.AppStore|Mixed Platforms.ActiveCfg = AppStore|iPhone
		{9FD8BE85-EFD0-4065-B289-631987A4AA23}.AppStore|Mixed Platforms.Build.0 = AppStore|iPhone
		{9FD8BE85-EFD0-4065-B289-631987A4AA23}.AppStore|Mixed Platforms.Deploy.0 = AppStore|iPhone
		{9FD8BE85-EFD0-4065-B289-631987A4AA23}.AppStore|x86.ActiveCfg = AppStore|iPhone
		{9FD8BE85-EFD0-4065-B289-631987A4AA23}.Debug|Any CPU.ActiveCfg = Debug|iPhoneSimulator
		{9FD8BE85-EFD0-4065-B289-631987A4AA23}.Debug|Any CPU.Build.0 = Debug|iPhoneSimulator
		{9FD8BE85-EFD0-4065-B289-631987A4AA23}.Debug|ARM.ActiveCfg = Debug|iPhone
		{9FD8BE85-EFD0-4065-B289-631987A4AA23}.Debug|iPhone.ActiveCfg = Debug|iPhone
		{9FD8BE85-EFD0-4065-B289-631987A4AA23}.Debug|iPhone.Build.0 = Debug|iPhone
		{9FD8BE85-EFD0-4065-B289-631987A4AA23}.Debug|iPhoneSimulator.ActiveCfg = Debug|iPhoneSimulator
		{9FD8BE85-EFD0-4065-B289-631987A4AA23}.Debug|iPhoneSimulator.Build.0 = Debug|iPhoneSimulator
		{9FD8BE85-EFD0-4065-B289-631987A4AA23}.Debug|Mixed Platforms.ActiveCfg = Debug|iPhone
		{9FD8BE85-EFD0-4065-B289-631987A4AA23}.Debug|Mixed Platforms.Build.0 = Debug|iPhone
		{9FD8BE85-EFD0-4065-B289-631987A4AA23}.Debug|Mixed Platforms.Deploy.0 = Debug|iPhone
		{9FD8BE85-EFD0-4065-B289-631987A4AA23}.Debug|x86.ActiveCfg = Debug|iPhone
		{9FD8BE85-EFD0-4065-B289-631987A4AA23}.Release|Any CPU.ActiveCfg = Release|iPhoneSimulator
		{9FD8BE85-EFD0-4065-B289-631987A4AA23}.Release|Any CPU.Build.0 = Release|iPhoneSimulator
		{9FD8BE85-EFD0-4065-B289-631987A4AA23}.Release|ARM.ActiveCfg = Release|iPhone
		{9FD8BE85-EFD0-4065-B289-631987A4AA23}.Release|iPhone.ActiveCfg = Release|iPhone
		{9FD8BE85-EFD0-4065-B289-631987A4AA23}.Release|iPhone.Build.0 = Release|iPhone
		{9FD8BE85-EFD0-4065-B289-631987A4AA23}.Release|iPhoneSimulator.ActiveCfg = Release|iPhoneSimulator
		{9FD8BE85-EFD0-4065-B289-631987A4AA23}.Release|iPhoneSimulator.Build.0 = Release|iPhoneSimulator
		{9FD8BE85-EFD0-4065-B289-631987A4AA23}.Release|Mixed Platforms.ActiveCfg = Release|iPhone
		{9FD8BE85-EFD0-4065-B289-631987A4AA23}.Release|Mixed Platforms.Build.0 = Release|iPhone
		{9FD8BE85-EFD0-4065-B289-631987A4AA23}.Release|Mixed Platforms.Deploy.0 = Release|iPhone
		{9FD8BE85-EFD0-4065-B289-631987A4AA23}.Release|x86.ActiveCfg = Release|iPhone
		{28DB3150-E177-4BD0-ACF1-E8098A52DCB6}.Ad-Hoc|Any CPU.ActiveCfg = Release|Any CPU
		{28DB3150-E177-4BD0-ACF1-E8098A52DCB6}.Ad-Hoc|Any CPU.Build.0 = Release|Any CPU
		{28DB3150-E177-4BD0-ACF1-E8098A52DCB6}.Ad-Hoc|Any CPU.Deploy.0 = Release|Any CPU
		{28DB3150-E177-4BD0-ACF1-E8098A52DCB6}.Ad-Hoc|ARM.ActiveCfg = Release|ARM
		{28DB3150-E177-4BD0-ACF1-E8098A52DCB6}.Ad-Hoc|ARM.Build.0 = Release|ARM
		{28DB3150-E177-4BD0-ACF1-E8098A52DCB6}.Ad-Hoc|ARM.Deploy.0 = Release|ARM
		{28DB3150-E177-4BD0-ACF1-E8098A52DCB6}.Ad-Hoc|iPhone.ActiveCfg = Release|Any CPU
		{28DB3150-E177-4BD0-ACF1-E8098A52DCB6}.Ad-Hoc|iPhoneSimulator.ActiveCfg = Release|Any CPU
		{28DB3150-E177-4BD0-ACF1-E8098A52DCB6}.Ad-Hoc|Mixed Platforms.ActiveCfg = Release|x86
		{28DB3150-E177-4BD0-ACF1-E8098A52DCB6}.Ad-Hoc|Mixed Platforms.Build.0 = Release|x86
		{28DB3150-E177-4BD0-ACF1-E8098A52DCB6}.Ad-Hoc|Mixed Platforms.Deploy.0 = Release|x86
		{28DB3150-E177-4BD0-ACF1-E8098A52DCB6}.Ad-Hoc|x86.ActiveCfg = Release|x86
		{28DB3150-E177-4BD0-ACF1-E8098A52DCB6}.Ad-Hoc|x86.Build.0 = Release|x86
		{28DB3150-E177-4BD0-ACF1-E8098A52DCB6}.Ad-Hoc|x86.Deploy.0 = Release|x86
		{28DB3150-E177-4BD0-ACF1-E8098A52DCB6}.AppStore|Any CPU.ActiveCfg = Release|Any CPU
		{28DB3150-E177-4BD0-ACF1-E8098A52DCB6}.AppStore|Any CPU.Build.0 = Release|Any CPU
		{28DB3150-E177-4BD0-ACF1-E8098A52DCB6}.AppStore|Any CPU.Deploy.0 = Release|Any CPU
		{28DB3150-E177-4BD0-ACF1-E8098A52DCB6}.AppStore|ARM.ActiveCfg = Release|ARM
		{28DB3150-E177-4BD0-ACF1-E8098A52DCB6}.AppStore|ARM.Build.0 = Release|ARM
		{28DB3150-E177-4BD0-ACF1-E8098A52DCB6}.AppStore|ARM.Deploy.0 = Release|ARM
		{28DB3150-E177-4BD0-ACF1-E8098A52DCB6}.AppStore|iPhone.ActiveCfg = Release|Any CPU
		{28DB3150-E177-4BD0-ACF1-E8098A52DCB6}.AppStore|iPhoneSimulator.ActiveCfg = Release|Any CPU
		{28DB3150-E177-4BD0-ACF1-E8098A52DCB6}.AppStore|Mixed Platforms.ActiveCfg = Release|x86
		{28DB3150-E177-4BD0-ACF1-E8098A52DCB6}.AppStore|Mixed Platforms.Build.0 = Release|x86
		{28DB3150-E177-4BD0-ACF1-E8098A52DCB6}.AppStore|Mixed Platforms.Deploy.0 = Release|x86
		{28DB3150-E177-4BD0-ACF1-E8098A52DCB6}.AppStore|x86.ActiveCfg = Release|x86
		{28DB3150-E177-4BD0-ACF1-E8098A52DCB6}.AppStore|x86.Build.0 = Release|x86
		{28DB3150-E177-4BD0-ACF1-E8098A52DCB6}.AppStore|x86.Deploy.0 = Release|x86
		{28DB3150-E177-4BD0-ACF1-E8098A52DCB6}.Debug|Any CPU.ActiveCfg = Debug|Any CPU
		{28DB3150-E177-4BD0-ACF1-E8098A52DCB6}.Debug|Any CPU.Build.0 = Debug|Any CPU
		{28DB3150-E177-4BD0-ACF1-E8098A52DCB6}.Debug|Any CPU.Deploy.0 = Debug|Any CPU
		{28DB3150-E177-4BD0-ACF1-E8098A52DCB6}.Debug|ARM.ActiveCfg = Debug|ARM
		{28DB3150-E177-4BD0-ACF1-E8098A52DCB6}.Debug|ARM.Build.0 = Debug|ARM
		{28DB3150-E177-4BD0-ACF1-E8098A52DCB6}.Debug|ARM.Deploy.0 = Debug|ARM
		{28DB3150-E177-4BD0-ACF1-E8098A52DCB6}.Debug|iPhone.ActiveCfg = Debug|Any CPU
		{28DB3150-E177-4BD0-ACF1-E8098A52DCB6}.Debug|iPhoneSimulator.ActiveCfg = Debug|Any CPU
		{28DB3150-E177-4BD0-ACF1-E8098A52DCB6}.Debug|Mixed Platforms.ActiveCfg = Debug|x86
		{28DB3150-E177-4BD0-ACF1-E8098A52DCB6}.Debug|Mixed Platforms.Build.0 = Debug|x86
		{28DB3150-E177-4BD0-ACF1-E8098A52DCB6}.Debug|Mixed Platforms.Deploy.0 = Debug|x86
		{28DB3150-E177-4BD0-ACF1-E8098A52DCB6}.Debug|x86.ActiveCfg = Debug|x86
		{28DB3150-E177-4BD0-ACF1-E8098A52DCB6}.Debug|x86.Build.0 = Debug|x86
		{28DB3150-E177-4BD0-ACF1-E8098A52DCB6}.Debug|x86.Deploy.0 = Debug|x86
		{28DB3150-E177-4BD0-ACF1-E8098A52DCB6}.Release|Any CPU.ActiveCfg = Release|Any CPU
		{28DB3150-E177-4BD0-ACF1-E8098A52DCB6}.Release|Any CPU.Build.0 = Release|Any CPU
		{28DB3150-E177-4BD0-ACF1-E8098A52DCB6}.Release|Any CPU.Deploy.0 = Release|Any CPU
		{28DB3150-E177-4BD0-ACF1-E8098A52DCB6}.Release|ARM.ActiveCfg = Release|ARM
		{28DB3150-E177-4BD0-ACF1-E8098A52DCB6}.Release|ARM.Build.0 = Release|ARM
		{28DB3150-E177-4BD0-ACF1-E8098A52DCB6}.Release|ARM.Deploy.0 = Release|ARM
		{28DB3150-E177-4BD0-ACF1-E8098A52DCB6}.Release|iPhone.ActiveCfg = Release|Any CPU
		{28DB3150-E177-4BD0-ACF1-E8098A52DCB6}.Release|iPhoneSimulator.ActiveCfg = Release|Any CPU
		{28DB3150-E177-4BD0-ACF1-E8098A52DCB6}.Release|Mixed Platforms.ActiveCfg = Release|x86
		{28DB3150-E177-4BD0-ACF1-E8098A52DCB6}.Release|Mixed Platforms.Build.0 = Release|x86
		{28DB3150-E177-4BD0-ACF1-E8098A52DCB6}.Release|Mixed Platforms.Deploy.0 = Release|x86
		{28DB3150-E177-4BD0-ACF1-E8098A52DCB6}.Release|x86.ActiveCfg = Release|x86
		{28DB3150-E177-4BD0-ACF1-E8098A52DCB6}.Release|x86.Build.0 = Release|x86
		{28DB3150-E177-4BD0-ACF1-E8098A52DCB6}.Release|x86.Deploy.0 = Release|x86
	EndGlobalSection
	GlobalSection(SolutionProperties) = preSolution
		HideSolutionNode = FALSE
	EndGlobalSection
	GlobalSection(MonoDevelopProperties) = preSolution
		StartupItem = MobileDevDay.iOS\MobileDevDay.iOS.csproj
	EndGlobalSection
EndGlobal
