
Microsoft Visual Studio Solution File, Format Version 11.00
# Visual Studio 2010
Project("{FAE04EC0-301F-11D3-BF4B-00C04F79EFBC}") = "MobDevDay.Core", "MobDevDay\MobDevDay.Core.csproj", "{9400B6AD-91EE-4E1D-8D1C-A5331D9589A6}"
EndProject
Project("{FAE04EC0-301F-11D3-BF4B-00C04F79EFBC}") = "MobDevDay.Cli", "MobDevDay.Cli\MobDevDay.Cli.csproj", "{0A71E0D7-0E13-4E5D-95A0-017591D25EFE}"
EndProject
Project("{FAE04EC0-301F-11D3-BF4B-00C04F79EFBC}") = "MobileDevDay.iOS", "MobileDevDay.iOS\MobileDevDay.iOS.csproj", "{9FD8BE85-EFD0-4065-B289-631987A4AA23}"
EndProject
Global
	GlobalSection(SolutionConfigurationPlatforms) = preSolution
		Debug|Any CPU = Debug|Any CPU
		Release|Any CPU = Release|Any CPU
		Debug|iPhoneSimulator = Debug|iPhoneSimulator
		Release|iPhoneSimulator = Release|iPhoneSimulator
		Debug|iPhone = Debug|iPhone
		Release|iPhone = Release|iPhone
		Ad-Hoc|iPhone = Ad-Hoc|iPhone
		AppStore|iPhone = AppStore|iPhone
	EndGlobalSection
	GlobalSection(ProjectConfigurationPlatforms) = postSolution
		{0A71E0D7-0E13-4E5D-95A0-017591D25EFE}.Ad-Hoc|iPhone.ActiveCfg = Debug|Any CPU
		{0A71E0D7-0E13-4E5D-95A0-017591D25EFE}.Ad-Hoc|iPhone.Build.0 = Debug|Any CPU
		{0A71E0D7-0E13-4E5D-95A0-017591D25EFE}.AppStore|iPhone.ActiveCfg = Debug|Any CPU
		{0A71E0D7-0E13-4E5D-95A0-017591D25EFE}.AppStore|iPhone.Build.0 = Debug|Any CPU
		{0A71E0D7-0E13-4E5D-95A0-017591D25EFE}.Debug|Any CPU.ActiveCfg = Debug|Any CPU
		{0A71E0D7-0E13-4E5D-95A0-017591D25EFE}.Debug|Any CPU.Build.0 = Debug|Any CPU
		{0A71E0D7-0E13-4E5D-95A0-017591D25EFE}.Debug|iPhone.ActiveCfg = Debug|Any CPU
		{0A71E0D7-0E13-4E5D-95A0-017591D25EFE}.Debug|iPhone.Build.0 = Debug|Any CPU
		{0A71E0D7-0E13-4E5D-95A0-017591D25EFE}.Debug|iPhoneSimulator.ActiveCfg = Debug|Any CPU
		{0A71E0D7-0E13-4E5D-95A0-017591D25EFE}.Debug|iPhoneSimulator.Build.0 = Debug|Any CPU
		{0A71E0D7-0E13-4E5D-95A0-017591D25EFE}.Release|Any CPU.ActiveCfg = Release|Any CPU
		{0A71E0D7-0E13-4E5D-95A0-017591D25EFE}.Release|Any CPU.Build.0 = Release|Any CPU
		{0A71E0D7-0E13-4E5D-95A0-017591D25EFE}.Release|iPhone.ActiveCfg = Release|Any CPU
		{0A71E0D7-0E13-4E5D-95A0-017591D25EFE}.Release|iPhone.Build.0 = Release|Any CPU
		{0A71E0D7-0E13-4E5D-95A0-017591D25EFE}.Release|iPhoneSimulator.ActiveCfg = Release|Any CPU
		{0A71E0D7-0E13-4E5D-95A0-017591D25EFE}.Release|iPhoneSimulator.Build.0 = Release|Any CPU
		{9400B6AD-91EE-4E1D-8D1C-A5331D9589A6}.Ad-Hoc|iPhone.ActiveCfg = Debug|Any CPU
		{9400B6AD-91EE-4E1D-8D1C-A5331D9589A6}.Ad-Hoc|iPhone.Build.0 = Debug|Any CPU
		{9400B6AD-91EE-4E1D-8D1C-A5331D9589A6}.AppStore|iPhone.ActiveCfg = Debug|Any CPU
		{9400B6AD-91EE-4E1D-8D1C-A5331D9589A6}.AppStore|iPhone.Build.0 = Debug|Any CPU
		{9400B6AD-91EE-4E1D-8D1C-A5331D9589A6}.Debug|Any CPU.ActiveCfg = Debug|Any CPU
		{9400B6AD-91EE-4E1D-8D1C-A5331D9589A6}.Debug|Any CPU.Build.0 = Debug|Any CPU
		{9400B6AD-91EE-4E1D-8D1C-A5331D9589A6}.Debug|iPhone.ActiveCfg = Debug|Any CPU
		{9400B6AD-91EE-4E1D-8D1C-A5331D9589A6}.Debug|iPhone.Build.0 = Debug|Any CPU
		{9400B6AD-91EE-4E1D-8D1C-A5331D9589A6}.Debug|iPhoneSimulator.ActiveCfg = Debug|Any CPU
		{9400B6AD-91EE-4E1D-8D1C-A5331D9589A6}.Debug|iPhoneSimulator.Build.0 = Debug|Any CPU
		{9400B6AD-91EE-4E1D-8D1C-A5331D9589A6}.Release|Any CPU.ActiveCfg = Release|Any CPU
		{9400B6AD-91EE-4E1D-8D1C-A5331D9589A6}.Release|Any CPU.Build.0 = Release|Any CPU
		{9400B6AD-91EE-4E1D-8D1C-A5331D9589A6}.Release|iPhone.ActiveCfg = Release|Any CPU
		{9400B6AD-91EE-4E1D-8D1C-A5331D9589A6}.Release|iPhone.Build.0 = Release|Any CPU
		{9400B6AD-91EE-4E1D-8D1C-A5331D9589A6}.Release|iPhoneSimulator.ActiveCfg = Release|Any CPU
		{9400B6AD-91EE-4E1D-8D1C-A5331D9589A6}.Release|iPhoneSimulator.Build.0 = Release|Any CPU
		{9FD8BE85-EFD0-4065-B289-631987A4AA23}.Ad-Hoc|iPhone.ActiveCfg = Ad-Hoc|iPhone
		{9FD8BE85-EFD0-4065-B289-631987A4AA23}.Ad-Hoc|iPhone.Build.0 = Ad-Hoc|iPhone
		{9FD8BE85-EFD0-4065-B289-631987A4AA23}.AppStore|iPhone.ActiveCfg = AppStore|iPhone
		{9FD8BE85-EFD0-4065-B289-631987A4AA23}.AppStore|iPhone.Build.0 = AppStore|iPhone
		{9FD8BE85-EFD0-4065-B289-631987A4AA23}.Debug|Any CPU.ActiveCfg = Debug|iPhoneSimulator
		{9FD8BE85-EFD0-4065-B289-631987A4AA23}.Debug|Any CPU.Build.0 = Debug|iPhoneSimulator
		{9FD8BE85-EFD0-4065-B289-631987A4AA23}.Debug|iPhone.ActiveCfg = Debug|iPhone
		{9FD8BE85-EFD0-4065-B289-631987A4AA23}.Debug|iPhone.Build.0 = Debug|iPhone
		{9FD8BE85-EFD0-4065-B289-631987A4AA23}.Debug|iPhoneSimulator.ActiveCfg = Debug|iPhoneSimulator
		{9FD8BE85-EFD0-4065-B289-631987A4AA23}.Debug|iPhoneSimulator.Build.0 = Debug|iPhoneSimulator
		{9FD8BE85-EFD0-4065-B289-631987A4AA23}.Release|Any CPU.ActiveCfg = Release|iPhoneSimulator
		{9FD8BE85-EFD0-4065-B289-631987A4AA23}.Release|Any CPU.Build.0 = Release|iPhoneSimulator
		{9FD8BE85-EFD0-4065-B289-631987A4AA23}.Release|iPhone.ActiveCfg = Release|iPhone
		{9FD8BE85-EFD0-4065-B289-631987A4AA23}.Release|iPhone.Build.0 = Release|iPhone
		{9FD8BE85-EFD0-4065-B289-631987A4AA23}.Release|iPhoneSimulator.ActiveCfg = Release|iPhoneSimulator
		{9FD8BE85-EFD0-4065-B289-631987A4AA23}.Release|iPhoneSimulator.Build.0 = Release|iPhoneSimulator
	EndGlobalSection
	GlobalSection(MonoDevelopProperties) = preSolution
		StartupItem = MobileDevDay.iOS\MobileDevDay.iOS.csproj
	EndGlobalSection
EndGlobal
